
Microsoft Visual Studio Solution File, Format Version 12.00
# Visual Studio Version 17
VisualStudioVersion = 17.9.34728.123
MinimumVisualStudioVersion = 10.0.40219.1
Project("{9A19103F-16F7-4668-BE54-9A1E7A4F7556}") = "Poedle.Server", "Poedle.Server\Poedle.Server.csproj", "{88616201-8BA4-4C97-9377-FB0622C4DAB2}"
EndProject
Project("{54A90642-561A-4BB1-A94E-469ADEE60C69}") = "poedle.client", "poedle.client\poedle.client.esproj", "{0C2C927E-F2B2-49D7-9F32-8946C62CEBAF}"
EndProject
Project("{FAE04EC0-301F-11D3-BF4B-00C04F79EFBC}") = "PoedleTestConsole", "PoedleTestConsole\PoedleTestConsole.csproj", "{D23C2777-D57A-4945-8A8F-65ECA2F251FF}"
EndProject
Global
	GlobalSection(SolutionConfigurationPlatforms) = preSolution
		Debug|Any CPU = Debug|Any CPU
		Release|Any CPU = Release|Any CPU
	EndGlobalSection
	GlobalSection(ProjectConfigurationPlatforms) = postSolution
		{88616201-8BA4-4C97-9377-FB0622C4DAB2}.Debug|Any CPU.ActiveCfg = Debug|Any CPU
		{88616201-8BA4-4C97-9377-FB0622C4DAB2}.Debug|Any CPU.Build.0 = Debug|Any CPU
		{88616201-8BA4-4C97-9377-FB0622C4DAB2}.Release|Any CPU.ActiveCfg = Release|Any CPU
		{88616201-8BA4-4C97-9377-FB0622C4DAB2}.Release|Any CPU.Build.0 = Release|Any CPU
		{0C2C927E-F2B2-49D7-9F32-8946C62CEBAF}.Debug|Any CPU.ActiveCfg = Debug|Any CPU
		{0C2C927E-F2B2-49D7-9F32-8946C62CEBAF}.Debug|Any CPU.Build.0 = Debug|Any CPU
		{0C2C927E-F2B2-49D7-9F32-8946C62CEBAF}.Debug|Any CPU.Deploy.0 = Debug|Any CPU
		{0C2C927E-F2B2-49D7-9F32-8946C62CEBAF}.Release|Any CPU.ActiveCfg = Release|Any CPU
		{0C2C927E-F2B2-49D7-9F32-8946C62CEBAF}.Release|Any CPU.Build.0 = Release|Any CPU
		{0C2C927E-F2B2-49D7-9F32-8946C62CEBAF}.Release|Any CPU.Deploy.0 = Release|Any CPU
		{D23C2777-D57A-4945-8A8F-65ECA2F251FF}.Debug|Any CPU.ActiveCfg = Debug|Any CPU
		{D23C2777-D57A-4945-8A8F-65ECA2F251FF}.Debug|Any CPU.Build.0 = Debug|Any CPU
		{D23C2777-D57A-4945-8A8F-65ECA2F251FF}.Release|Any CPU.ActiveCfg = Release|Any CPU
		{D23C2777-D57A-4945-8A8F-65ECA2F251FF}.Release|Any CPU.Build.0 = Release|Any CPU
	EndGlobalSection
	GlobalSection(SolutionProperties) = preSolution
		HideSolutionNode = FALSE
	EndGlobalSection
	GlobalSection(ExtensibilityGlobals) = postSolution
		SolutionGuid = {3F105DC9-4B12-41F9-A393-D932AA09A0AB}
	EndGlobalSection
EndGlobal
